
Microsoft Visual Studio Solution File, Format Version 12.00
# Visual Studio 15
VisualStudioVersion = 15.0.27130.2024
MinimumVisualStudioVersion = 10.0.40219.1
Project("{FAE04EC0-301F-11D3-BF4B-00C04F79EFBC}") = "FacialRecognitionSystem", "FacialRecognitionSystem\FacialRecognitionSystem.csproj", "{24098A43-DEA4-48E7-B65D-3E7F96FFE44D}"
EndProject
Project("{FAE04EC0-301F-11D3-BF4B-00C04F79EFBC}") = "DataAccess", "DataAccess\DataAccess.csproj", "{A75BA826-B1CD-49A9-9284-79F9D355F844}"
EndProject
Global
	GlobalSection(SolutionConfigurationPlatforms) = preSolution
		Debug|Any CPU = Debug|Any CPU
		Release|Any CPU = Release|Any CPU
	EndGlobalSection
	GlobalSection(ProjectConfigurationPlatforms) = postSolution
		{24098A43-DEA4-48E7-B65D-3E7F96FFE44D}.Debug|Any CPU.ActiveCfg = Debug|Any CPU
		{24098A43-DEA4-48E7-B65D-3E7F96FFE44D}.Debug|Any CPU.Build.0 = Debug|Any CPU
		{24098A43-DEA4-48E7-B65D-3E7F96FFE44D}.Release|Any CPU.ActiveCfg = Release|Any CPU
		{24098A43-DEA4-48E7-B65D-3E7F96FFE44D}.Release|Any CPU.Build.0 = Release|Any CPU
		{A75BA826-B1CD-49A9-9284-79F9D355F844}.Debug|Any CPU.ActiveCfg = Debug|Any CPU
		{A75BA826-B1CD-49A9-9284-79F9D355F844}.Debug|Any CPU.Build.0 = Debug|Any CPU
		{A75BA826-B1CD-49A9-9284-79F9D355F844}.Release|Any CPU.ActiveCfg = Release|Any CPU
		{A75BA826-B1CD-49A9-9284-79F9D355F844}.Release|Any CPU.Build.0 = Release|Any CPU
	EndGlobalSection
	GlobalSection(SolutionProperties) = preSolution
		HideSolutionNode = FALSE
	EndGlobalSection
	GlobalSection(ExtensibilityGlobals) = postSolution
		SolutionGuid = {E2DECA6C-50FA-4C31-BA02-E41A17906F66}
	EndGlobalSection
EndGlobal
